<?xml version="1.0" encoding="utf-8"?>
<Project ToolsVersion="16.0" xmlns="http://schemas.microsoft.com/developer/msbuild/2003">
  <ItemGroup>
    <CustomBuild Include="D:\CMake\bin\CMakeFiles\df093760060c3f97e0a335db15a94865\INSTALL_force.rule">
      <Filter>CMake Rules</Filter>
    </CustomBuild>
  </ItemGroup>
  <ItemGroup>
    <Filter Include="CMake Rules">
      <UniqueIdentifier>{07FEDAAC-E880-3113-9D12-B64D6F7F1066}</UniqueIdentifier>
    </Filter>
  </ItemGroup>
</Project>
