
Microsoft Visual Studio Solution File, Format Version 12.00
# Visual Studio Version 16
Project("{8BC9CEB8-8B4A-11D0-8D11-00A0C91BC942}") = "ALL_BUILD", "ALL_BUILD.vcxproj", "{A9ABBD61-52F7-3389-8E35-B381B0373657}"
	ProjectSection(ProjectDependencies) = postProject
		{0B5474C9-7154-3582-A863-5039CE166677} = {0B5474C9-7154-3582-A863-5039CE166677}
		{64B1F792-41E2-3F98-9A9E-A23B9F6B5C15} = {64B1F792-41E2-3F98-9A9E-A23B9F6B5C15}
		{C4A530FC-E5F3-3735-9653-A9161CD138B6} = {C4A530FC-E5F3-3735-9653-A9161CD138B6}
	EndProjectSection
EndProject
Project("{8BC9CEB8-8B4A-11D0-8D11-00A0C91BC942}") = "INSTALL", "INSTALL.vcxproj", "{490A83E4-47CA-34E3-98C0-8E6AC1319DA8}"
	ProjectSection(ProjectDependencies) = postProject
		{A9ABBD61-52F7-3389-8E35-B381B0373657} = {A9ABBD61-52F7-3389-8E35-B381B0373657}
		{0B5474C9-7154-3582-A863-5039CE166677} = {0B5474C9-7154-3582-A863-5039CE166677}
	EndProjectSection
EndProject
Project("{8BC9CEB8-8B4A-11D0-8D11-00A0C91BC942}") = "ZERO_CHECK", "..\..\\ZERO_CHECK.vcxproj", "{0B5474C9-7154-3582-A863-5039CE166677}"
	ProjectSection(ProjectDependencies) = postProject
	EndProjectSection
EndProject
Project("{8BC9CEB8-8B4A-11D0-8D11-00A0C91BC942}") = "gtest", "gtest.vcxproj", "{64B1F792-41E2-3F98-9A9E-A23B9F6B5C15}"
	ProjectSection(ProjectDependencies) = postProject
		{0B5474C9-7154-3582-A863-5039CE166677} = {0B5474C9-7154-3582-A863-5039CE166677}
	EndProjectSection
EndProject
Project("{8BC9CEB8-8B4A-11D0-8D11-00A0C91BC942}") = "gtest_main", "gtest_main.vcxproj", "{C4A530FC-E5F3-3735-9653-A9161CD138B6}"
	ProjectSection(ProjectDependencies) = postProject
		{0B5474C9-7154-3582-A863-5039CE166677} = {0B5474C9-7154-3582-A863-5039CE166677}
		{64B1F792-41E2-3F98-9A9E-A23B9F6B5C15} = {64B1F792-41E2-3F98-9A9E-A23B9F6B5C15}
	EndProjectSection
EndProject
Global
	GlobalSection(SolutionConfigurationPlatforms) = preSolution
		Debug|x64 = Debug|x64
		Release|x64 = Release|x64
		MinSizeRel|x64 = MinSizeRel|x64
		RelWithDebInfo|x64 = RelWithDebInfo|x64
	EndGlobalSection
	GlobalSection(ProjectConfigurationPlatforms) = postSolution
		{A9ABBD61-52F7-3389-8E35-B381B0373657}.Debug|x64.ActiveCfg = Debug|x64
		{A9ABBD61-52F7-3389-8E35-B381B0373657}.Debug|x64.Build.0 = Debug|x64
		{A9ABBD61-52F7-3389-8E35-B381B0373657}.Release|x64.ActiveCfg = Release|x64
		{A9ABBD61-52F7-3389-8E35-B381B0373657}.Release|x64.Build.0 = Release|x64
		{A9ABBD61-52F7-3389-8E35-B381B0373657}.MinSizeRel|x64.ActiveCfg = MinSizeRel|x64
		{A9ABBD61-52F7-3389-8E35-B381B0373657}.MinSizeRel|x64.Build.0 = MinSizeRel|x64
		{A9ABBD61-52F7-3389-8E35-B381B0373657}.RelWithDebInfo|x64.ActiveCfg = RelWithDebInfo|x64
		{A9ABBD61-52F7-3389-8E35-B381B0373657}.RelWithDebInfo|x64.Build.0 = RelWithDebInfo|x64
		{490A83E4-47CA-34E3-98C0-8E6AC1319DA8}.Debug|x64.ActiveCfg = Debug|x64
		{490A83E4-47CA-34E3-98C0-8E6AC1319DA8}.Release|x64.ActiveCfg = Release|x64
		{490A83E4-47CA-34E3-98C0-8E6AC1319DA8}.MinSizeRel|x64.ActiveCfg = MinSizeRel|x64
		{490A83E4-47CA-34E3-98C0-8E6AC1319DA8}.RelWithDebInfo|x64.ActiveCfg = RelWithDebInfo|x64
		{0B5474C9-7154-3582-A863-5039CE166677}.Debug|x64.ActiveCfg = Debug|x64
		{0B5474C9-7154-3582-A863-5039CE166677}.Debug|x64.Build.0 = Debug|x64
		{0B5474C9-7154-3582-A863-5039CE166677}.Release|x64.ActiveCfg = Release|x64
		{0B5474C9-7154-3582-A863-5039CE166677}.Release|x64.Build.0 = Release|x64
		{0B5474C9-7154-3582-A863-5039CE166677}.MinSizeRel|x64.ActiveCfg = MinSizeRel|x64
		{0B5474C9-7154-3582-A863-5039CE166677}.MinSizeRel|x64.Build.0 = MinSizeRel|x64
		{0B5474C9-7154-3582-A863-5039CE166677}.RelWithDebInfo|x64.ActiveCfg = RelWithDebInfo|x64
		{0B5474C9-7154-3582-A863-5039CE166677}.RelWithDebInfo|x64.Build.0 = RelWithDebInfo|x64
		{64B1F792-41E2-3F98-9A9E-A23B9F6B5C15}.Debug|x64.ActiveCfg = Debug|x64
		{64B1F792-41E2-3F98-9A9E-A23B9F6B5C15}.Debug|x64.Build.0 = Debug|x64
		{64B1F792-41E2-3F98-9A9E-A23B9F6B5C15}.Release|x64.ActiveCfg = Release|x64
		{64B1F792-41E2-3F98-9A9E-A23B9F6B5C15}.Release|x64.Build.0 = Release|x64
		{64B1F792-41E2-3F98-9A9E-A23B9F6B5C15}.MinSizeRel|x64.ActiveCfg = MinSizeRel|x64
		{64B1F792-41E2-3F98-9A9E-A23B9F6B5C15}.MinSizeRel|x64.Build.0 = MinSizeRel|x64
		{64B1F792-41E2-3F98-9A9E-A23B9F6B5C15}.RelWithDebInfo|x64.ActiveCfg = RelWithDebInfo|x64
		{64B1F792-41E2-3F98-9A9E-A23B9F6B5C15}.RelWithDebInfo|x64.Build.0 = RelWithDebInfo|x64
		{C4A530FC-E5F3-3735-9653-A9161CD138B6}.Debug|x64.ActiveCfg = Debug|x64
		{C4A530FC-E5F3-3735-9653-A9161CD138B6}.Debug|x64.Build.0 = Debug|x64
		{C4A530FC-E5F3-3735-9653-A9161CD138B6}.Release|x64.ActiveCfg = Release|x64
		{C4A530FC-E5F3-3735-9653-A9161CD138B6}.Release|x64.Build.0 = Release|x64
		{C4A530FC-E5F3-3735-9653-A9161CD138B6}.MinSizeRel|x64.ActiveCfg = MinSizeRel|x64
		{C4A530FC-E5F3-3735-9653-A9161CD138B6}.MinSizeRel|x64.Build.0 = MinSizeRel|x64
		{C4A530FC-E5F3-3735-9653-A9161CD138B6}.RelWithDebInfo|x64.ActiveCfg = RelWithDebInfo|x64
		{C4A530FC-E5F3-3735-9653-A9161CD138B6}.RelWithDebInfo|x64.Build.0 = RelWithDebInfo|x64
	EndGlobalSection
	GlobalSection(ExtensibilityGlobals) = postSolution
		SolutionGuid = {AE60E448-1401-3C4D-AB23-53446A5B27BA}
	EndGlobalSection
	GlobalSection(ExtensibilityAddIns) = postSolution
	EndGlobalSection
EndGlobal
